
Microsoft Visual Studio Solution File, Format Version 12.00
# Visual Studio Version 17
VisualStudioVersion = 17.3.32922.545
MinimumVisualStudioVersion = 10.0.40219.1
Project("{FAE04EC0-301F-11D3-BF4B-00C04F79EFBC}") = "numeros_impares.net2", "numeros_impares.net2.csproj", "{38916527-609F-440A-81F0-F180F1C340D3}"
EndProject
Global
	GlobalSection(SolutionConfigurationPlatforms) = preSolution
		Debug|Any CPU = Debug|Any CPU
		Release|Any CPU = Release|Any CPU
	EndGlobalSection
	GlobalSection(ProjectConfigurationPlatforms) = postSolution
		{38916527-609F-440A-81F0-F180F1C340D3}.Debug|Any CPU.ActiveCfg = Debug|Any CPU
		{38916527-609F-440A-81F0-F180F1C340D3}.Debug|Any CPU.Build.0 = Debug|Any CPU
		{38916527-609F-440A-81F0-F180F1C340D3}.Release|Any CPU.ActiveCfg = Release|Any CPU
		{38916527-609F-440A-81F0-F180F1C340D3}.Release|Any CPU.Build.0 = Release|Any CPU
	EndGlobalSection
	GlobalSection(SolutionProperties) = preSolution
		HideSolutionNode = FALSE
	EndGlobalSection
	GlobalSection(ExtensibilityGlobals) = postSolution
		SolutionGuid = {7636FE15-43FC-4D86-806E-E62B5FB26C42}
	EndGlobalSection
EndGlobal
